
Microsoft Visual Studio Solution File, Format Version 12.00
# Visual Studio Version 17
VisualStudioVersion = 17.8.34525.116
MinimumVisualStudioVersion = 10.0.40219.1
Project("{FAE04EC0-301F-11D3-BF4B-00C04F79EFBC}") = "RunTrack.Server", "RunTrack.Server\RunTrack.Server.csproj", "{80F24D83-2C94-43FB-BDB3-DBE24CD3044A}"
EndProject
Project("{54A90642-561A-4BB1-A94E-469ADEE60C69}") = "runtrack.client", "runtrack.client\runtrack.client.esproj", "{BFB55A95-3187-46CF-9A34-A880B33CDBDD}"
EndProject
Global
	GlobalSection(SolutionConfigurationPlatforms) = preSolution
		Debug|Any CPU = Debug|Any CPU
		Release|Any CPU = Release|Any CPU
	EndGlobalSection
	GlobalSection(ProjectConfigurationPlatforms) = postSolution
		{80F24D83-2C94-43FB-BDB3-DBE24CD3044A}.Debug|Any CPU.ActiveCfg = Debug|Any CPU
		{80F24D83-2C94-43FB-BDB3-DBE24CD3044A}.Debug|Any CPU.Build.0 = Debug|Any CPU
		{80F24D83-2C94-43FB-BDB3-DBE24CD3044A}.Release|Any CPU.ActiveCfg = Release|Any CPU
		{80F24D83-2C94-43FB-BDB3-DBE24CD3044A}.Release|Any CPU.Build.0 = Release|Any CPU
		{BFB55A95-3187-46CF-9A34-A880B33CDBDD}.Debug|Any CPU.ActiveCfg = Debug|Any CPU
		{BFB55A95-3187-46CF-9A34-A880B33CDBDD}.Debug|Any CPU.Build.0 = Debug|Any CPU
		{BFB55A95-3187-46CF-9A34-A880B33CDBDD}.Debug|Any CPU.Deploy.0 = Debug|Any CPU
		{BFB55A95-3187-46CF-9A34-A880B33CDBDD}.Release|Any CPU.ActiveCfg = Release|Any CPU
		{BFB55A95-3187-46CF-9A34-A880B33CDBDD}.Release|Any CPU.Build.0 = Release|Any CPU
		{BFB55A95-3187-46CF-9A34-A880B33CDBDD}.Release|Any CPU.Deploy.0 = Release|Any CPU
	EndGlobalSection
	GlobalSection(SolutionProperties) = preSolution
		HideSolutionNode = FALSE
	EndGlobalSection
	GlobalSection(ExtensibilityGlobals) = postSolution
		SolutionGuid = {E7717BDC-C3ED-48AA-AD19-48C6EC8A5407}
	EndGlobalSection
EndGlobal
